Microsoft Visual Studio Solution File, Format Version 12.00
# Visual Studio Version 17
VisualStudioVersion = 17.5.2.0
MinimumVisualStudioVersion = 10.0.40219.1
Project("{FAE04EC0-301F-11D3-BF4B-00C04F79EFBC}") = "array_list_dict", "array_list_dict.csproj", "{E06FD3D4-3C7F-4919-7629-5DF019FB8D74}"
EndProject
Global
	GlobalSection(SolutionConfigurationPlatforms) = preSolution
		Debug|Any CPU = Debug|Any CPU
		Release|Any CPU = Release|Any CPU
	EndGlobalSection
	GlobalSection(ProjectConfigurationPlatforms) = postSolution
		{E06FD3D4-3C7F-4919-7629-5DF019FB8D74}.Debug|Any CPU.ActiveCfg = Debug|Any CPU
		{E06FD3D4-3C7F-4919-7629-5DF019FB8D74}.Debug|Any CPU.Build.0 = Debug|Any CPU
		{E06FD3D4-3C7F-4919-7629-5DF019FB8D74}.Release|Any CPU.ActiveCfg = Release|Any CPU
		{E06FD3D4-3C7F-4919-7629-5DF019FB8D74}.Release|Any CPU.Build.0 = Release|Any CPU
	EndGlobalSection
	GlobalSection(SolutionProperties) = preSolution
		HideSolutionNode = FALSE
	EndGlobalSection
	GlobalSection(ExtensibilityGlobals) = postSolution
		SolutionGuid = {030796F2-F18C-4090-8E27-ACC52AB5C4F5}
	EndGlobalSection
EndGlobal
