
Microsoft Visual Studio Solution File, Format Version 12.00
# Visual Studio Version 17
VisualStudioVersion = 17.14.36518.9 d17.14
MinimumVisualStudioVersion = 10.0.40219.1
Project("{FAE04EC0-301F-11D3-BF4B-00C04F79EFBC}") = "Day03", "Day03.csproj", "{59B52B88-4653-4735-A10D-DFD5A8AF44FE}"
EndProject
Global
	GlobalSection(SolutionConfigurationPlatforms) = preSolution
		Debug|Any CPU = Debug|Any CPU
		Release|Any CPU = Release|Any CPU
	EndGlobalSection
	GlobalSection(ProjectConfigurationPlatforms) = postSolution
		{59B52B88-4653-4735-A10D-DFD5A8AF44FE}.Debug|Any CPU.ActiveCfg = Debug|Any CPU
		{59B52B88-4653-4735-A10D-DFD5A8AF44FE}.Debug|Any CPU.Build.0 = Debug|Any CPU
		{59B52B88-4653-4735-A10D-DFD5A8AF44FE}.Release|Any CPU.ActiveCfg = Release|Any CPU
		{59B52B88-4653-4735-A10D-DFD5A8AF44FE}.Release|Any CPU.Build.0 = Release|Any CPU
	EndGlobalSection
	GlobalSection(SolutionProperties) = preSolution
		HideSolutionNode = FALSE
	EndGlobalSection
	GlobalSection(ExtensibilityGlobals) = postSolution
		SolutionGuid = {5DBEAAAF-D82E-4FD4-ADF5-52033A538176}
	EndGlobalSection
EndGlobal
